
Microsoft Visual Studio Solution File, Format Version 12.00
# Visual Studio Version 17
VisualStudioVersion = 17.5.002.0
MinimumVisualStudioVersion = 10.0.40219.1
Project("{9A19103F-16F7-4668-BE54-9A1E7A4F7556}") = "squirrels", "squirrels.csproj", "{CBA9DDAD-E9BC-4C50-8EBD-0A5AAB51ECDE}"
EndProject
Global
	GlobalSection(SolutionConfigurationPlatforms) = preSolution
		Debug|Any CPU = Debug|Any CPU
		Release|Any CPU = Release|Any CPU
	EndGlobalSection
	GlobalSection(ProjectConfigurationPlatforms) = postSolution
		{CBA9DDAD-E9BC-4C50-8EBD-0A5AAB51ECDE}.Debug|Any CPU.ActiveCfg = Debug|Any CPU
		{CBA9DDAD-E9BC-4C50-8EBD-0A5AAB51ECDE}.Debug|Any CPU.Build.0 = Debug|Any CPU
		{CBA9DDAD-E9BC-4C50-8EBD-0A5AAB51ECDE}.Release|Any CPU.ActiveCfg = Release|Any CPU
		{CBA9DDAD-E9BC-4C50-8EBD-0A5AAB51ECDE}.Release|Any CPU.Build.0 = Release|Any CPU
	EndGlobalSection
	GlobalSection(SolutionProperties) = preSolution
		HideSolutionNode = FALSE
	EndGlobalSection
	GlobalSection(ExtensibilityGlobals) = postSolution
		SolutionGuid = {EDAA6AC3-B0E1-4FE1-8D40-0A3D4DF0518C}
	EndGlobalSection
EndGlobal
